// !$*UTF8*$!
{
	archiveVersion = 1;
	classes = {
	};
	objectVersion = 77;
	objects = {

/* Begin PBXBuildFile section */
		C004B0702E2A4ACA0045EFCA /* Supabase in Frameworks */ = {isa = PBXBuildFile; productRef = C004B06F2E2A4ACA0045EFCA /* Supabase */; };
/* End PBXBuildFile section */

/* Begin PBXContainerItemProxy section */
		C05CCD0B2E3B8F4C007280C2 /* PBXContainerItemProxy */ = {
			isa = PBXContainerItemProxy;
			containerPortal = C001DF682E290188006F1FEA /* Project object */;
			proxyType = 1;
			remoteGlobalIDString = C001DF6F2E290188006F1FEA;
			remoteInfo = Auth_With_Supabase;
		};
/* End PBXContainerItemProxy section */

/* Begin PBXFileReference section */
		C001DF702E290188006F1FEA /* Auth_With_Supabase.app */ = {isa = PBXFileReference; explicitFileType = wrapper.application; includeInIndex = 0; path = Auth_With_Supabase.app; sourceTree = BUILT_PRODUCTS_DIR; };
		C05CCD072E3B8F4C007280C2 /* Auth_With_SupabaseTests.xctest */ = {isa = PBXFileReference; explicitFileType = wrapper.cfbundle; includeInIndex = 0; path = Auth_With_SupabaseTests.xctest; sourceTree = BUILT_PRODUCTS_DIR; };
/* End PBXFileReference section */

/* Begin PBXFileSystemSynchronizedRootGroup section */
		C001DF722E290188006F1FEA /* Auth_With_Supabase */ = {
			isa = PBXFileSystemSynchronizedRootGroup;
			path = Auth_With_Supabase;
			sourceTree = "<group>";
		};
		C05CCD082E3B8F4C007280C2 /* Auth_With_SupabaseTests */ = {
			isa = PBXFileSystemSynchronizedRootGroup;
			path = Auth_With_SupabaseTests;
			sourceTree = "<group>";
		};
/* End PBXFileSystemSynchronizedRootGroup section */

/* Begin PBXFrameworksBuildPhase section */
		C001DF6D2E290188006F1FEA /* Frameworks */ = {
			isa = PBXFrameworksBuildPhase;
			buildActionMask = 2147483647;
			files = (
				C004B0702E2A4ACA0045EFCA /* Supabase in Frameworks */,
			);
			runOnlyForDeploymentPostprocessing = 0;
		};
		C05CCD042E3B8F4C007280C2 /* Frameworks */ = {
			isa = PBXFrameworksBuildPhase;
			buildActionMask = 2147483647;
			files = (
			);
			runOnlyForDeploymentPostprocessing = 0;
		};
/* End PBXFrameworksBuildPhase section */

/* Begin PBXGroup section */
		C001DF672E290188006F1FEA = {
			isa = PBXGroup;
			children = (
				C001DF722E290188006F1FEA /* Auth_With_Supabase */,
				C05CCD082E3B8F4C007280C2 /* Auth_With_SupabaseTests */,
				C004B06E2E2A4ACA0045EFCA /* Frameworks */,
				C001DF712E290188006F1FEA /* Products */,
			);
			sourceTree = "<group>";
		};
		C001DF712E290188006F1FEA /* Products */ = {
			isa = PBXGroup;
			children = (
				C001DF702E290188006F1FEA /* Auth_With_Supabase.app */,
				C05CCD072E3B8F4C007280C2 /* Auth_With_SupabaseTests.xctest */,
			);
			name = Products;
			sourceTree = "<group>";
		};
		C004B06E2E2A4ACA0045EFCA /* Frameworks */ = {
			isa = PBXGroup;
			children = (
			);
			name = Frameworks;
			sourceTree = "<group>";
		};
/* End PBXGroup section */

/* Begin PBXNativeTarget section */
		C001DF6F2E290188006F1FEA /* Auth_With_Supabase */ = {
			isa = PBXNativeTarget;
			buildConfigurationList = C001DF7B2E290189006F1FEA /* Build configuration list for PBXNativeTarget "Auth_With_Supabase" */;
			buildPhases = (
				C001DF6C2E290188006F1FEA /* Sources */,
				C001DF6D2E290188006F1FEA /* Frameworks */,
				C001DF6E2E290188006F1FEA /* Resources */,
			);
			buildRules = (
			);
			dependencies = (
			);
			fileSystemSynchronizedGroups = (
				C001DF722E290188006F1FEA /* Auth_With_Supabase */,
			);
			name = Auth_With_Supabase;
			packageProductDependencies = (
				C004B06F2E2A4ACA0045EFCA /* Supabase */,
			);
			productName = Auth_With_Supabase;
			productReference = C001DF702E290188006F1FEA /* Auth_With_Supabase.app */;
			productType = "com.apple.product-type.application";
		};
		C05CCD062E3B8F4C007280C2 /* Auth_With_SupabaseTests */ = {
			isa = PBXNativeTarget;
			buildConfigurationList = C05CCD0F2E3B8F4C007280C2 /* Build configuration list for PBXNativeTarget "Auth_With_SupabaseTests" */;
			buildPhases = (
				C05CCD032E3B8F4C007280C2 /* Sources */,
				C05CCD042E3B8F4C007280C2 /* Frameworks */,
				C05CCD052E3B8F4C007280C2 /* Resources */,
			);
			buildRules = (
			);
			dependencies = (
				C05CCD0C2E3B8F4C007280C2 /* PBXTargetDependency */,
			);
			fileSystemSynchronizedGroups = (
				C05CCD082E3B8F4C007280C2 /* Auth_With_SupabaseTests */,
			);
			name = Auth_With_SupabaseTests;
			packageProductDependencies = (
			);
			productName = Auth_With_SupabaseTests;
			productReference = C05CCD072E3B8F4C007280C2 /* Auth_With_SupabaseTests.xctest */;
			productType = "com.apple.product-type.bundle.unit-test";
		};
/* End PBXNativeTarget section */

/* Begin PBXProject section */
		C001DF682E290188006F1FEA /* Project object */ = {
			isa = PBXProject;
			attributes = {
				BuildIndependentTargetsInParallel = 1;
				LastSwiftUpdateCheck = 1640;
				LastUpgradeCheck = 1640;
				TargetAttributes = {
					C001DF6F2E290188006F1FEA = {
						CreatedOnToolsVersion = 16.4;
					};
					C05CCD062E3B8F4C007280C2 = {
						CreatedOnToolsVersion = 16.4;
						TestTargetID = C001DF6F2E290188006F1FEA;
					};
				};
			};
			buildConfigurationList = C001DF6B2E290188006F1FEA /* Build configuration list for PBXProject "Auth_With_Supabase" */;
			developmentRegion = en;
			hasScannedForEncodings = 0;
			knownRegions = (
				en,
				Base,
			);
			mainGroup = C001DF672E290188006F1FEA;
			minimizedProjectReferenceProxies = 1;
			packageReferences = (
				C0A18FF92E2A44D6003813BD /* XCRemoteSwiftPackageReference "supabase-swift" */,
			);
			preferredProjectObjectVersion = 77;
			productRefGroup = C001DF712E290188006F1FEA /* Products */;
			projectDirPath = "";
			projectRoot = "";
			targets = (
				C001DF6F2E290188006F1FEA /* Auth_With_Supabase */,
				C05CCD062E3B8F4C007280C2 /* Auth_With_SupabaseTests */,
			);
		};
/* End PBXProject section */

/* Begin PBXResourcesBuildPhase section */
		C001DF6E2E290188006F1FEA /* Resources */ = {
			isa = PBXResourcesBuildPhase;
			buildActionMask = 2147483647;
			files = (
			);
			runOnlyForDeploymentPostprocessing = 0;
		};
		C05CCD052E3B8F4C007280C2 /* Resources */ = {
			isa = PBXResourcesBuildPhase;
			buildActionMask = 2147483647;
			files = (
			);
			runOnlyForDeploymentPostprocessing = 0;
		};
/* End PBXResourcesBuildPhase section */

/* Begin PBXSourcesBuildPhase section */
		C001DF6C2E290188006F1FEA /* Sources */ = {
			isa = PBXSourcesBuildPhase;
			buildActionMask = 2147483647;
			files = (
			);
			runOnlyForDeploymentPostprocessing = 0;
		};
		C05CCD032E3B8F4C007280C2 /* Sources */ = {
			isa = PBXSourcesBuildPhase;
			buildActionMask = 2147483647;
			files = (
			);
			runOnlyForDeploymentPostprocessing = 0;
		};
/* End PBXSourcesBuildPhase section */

/* Begin PBXTargetDependency section */
		C05CCD0C2E3B8F4C007280C2 /* PBXTargetDependency */ = {
			isa = PBXTargetDependency;
			target = C001DF6F2E290188006F1FEA /* Auth_With_Supabase */;
			targetProxy = C05CCD0B2E3B8F4C007280C2 /* PBXContainerItemProxy */;
		};
/* End PBXTargetDependency section */

/* Begin XCBuildConfiguration section */
		C001DF792E290189006F1FEA /* Debug */ = {
			isa = XCBuildConfiguration;
			baseConfigurationReferenceAnchor = C001DF722E290188006F1FEA /* Auth_With_Supabase */;
			baseConfigurationReferenceRelativePath = Application/Dev.xcconfig;
			buildSettings = {
				ALWAYS_SEARCH_USER_PATHS = NO;
				ASSETCATALOG_COMPILER_GENERATE_SWIFT_ASSET_SYMBOL_EXTENSIONS = YES;
				CLANG_ANALYZER_NONNULL = YES;
				CLANG_ANALYZER_NUMBER_OBJECT_CONVERSION = YES_AGGRESSIVE;
				CLANG_CXX_LANGUAGE_STANDARD = "gnu++20";
				CLANG_ENABLE_MODULES = YES;
				CLANG_ENABLE_OBJC_ARC = YES;
				CLANG_ENABLE_OBJC_WEAK = YES;
				CLANG_WARN_BLOCK_CAPTURE_AUTORELEASING = YES;
				CLANG_WARN_BOOL_CONVERSION = YES;
				CLANG_WARN_COMMA = YES;
				CLANG_WARN_CONSTANT_CONVERSION = YES;
				CLANG_WARN_DEPRECATED_OBJC_IMPLEMENTATIONS = YES;
				CLANG_WARN_DIRECT_OBJC_ISA_USAGE = YES_ERROR;
				CLANG_WARN_DOCUMENTATION_COMMENTS = YES;
				CLANG_WARN_EMPTY_BODY = YES;
				CLANG_WARN_ENUM_CONVERSION = YES;
				CLANG_WARN_INFINITE_RECURSION = YES;
				CLANG_WARN_INT_CONVERSION = YES;
				CLANG_WARN_NON_LITERAL_NULL_CONVERSION = YES;
				CLANG_WARN_OBJC_IMPLICIT_RETAIN_SELF = YES;
				CLANG_WARN_OBJC_LITERAL_CONVERSION = YES;
				CLANG_WARN_OBJC_ROOT_CLASS = YES_ERROR;
				CLANG_WARN_QUOTED_INCLUDE_IN_FRAMEWORK_HEADER = YES;
				CLANG_WARN_RANGE_LOOP_ANALYSIS = YES;
				CLANG_WARN_STRICT_PROTOTYPES = YES;
				CLANG_WARN_SUSPICIOUS_MOVE = YES;
				CLANG_WARN_UNGUARDED_AVAILABILITY = YES_AGGRESSIVE;
				CLANG_WARN_UNREACHABLE_CODE = YES;
				CLANG_WARN__DUPLICATE_METHOD_MATCH = YES;
				COPY_PHASE_STRIP = NO;
				DEBUG_INFORMATION_FORMAT = dwarf;
				DEVELOPMENT_TEAM = 6499BW5722;
				ENABLE_STRICT_OBJC_MSGSEND = YES;
				ENABLE_TESTABILITY = YES;
				ENABLE_USER_SCRIPT_SANDBOXING = YES;
				GCC_C_LANGUAGE_STANDARD = gnu17;
				GCC_DYNAMIC_NO_PIC = NO;
				GCC_NO_COMMON_BLOCKS = YES;
				GCC_OPTIMIZATION_LEVEL = 0;
				GCC_PREPROCESSOR_DEFINITIONS = (
					"DEBUG=1",
					"$(inherited)",
				);
				GCC_WARN_64_TO_32_BIT_CONVERSION = YES;
				GCC_WARN_ABOUT_RETURN_TYPE = YES_ERROR;
				GCC_WARN_UNDECLARED_SELECTOR = YES;
				GCC_WARN_UNINITIALIZED_AUTOS = YES_AGGRESSIVE;
				GCC_WARN_UNUSED_FUNCTION = YES;
				GCC_WARN_UNUSED_VARIABLE = YES;
				IPHONEOS_DEPLOYMENT_TARGET = 18.5;
				LOCALIZATION_PREFERS_STRING_CATALOGS = YES;
				MTL_ENABLE_DEBUG_INFO = INCLUDE_SOURCE;
				MTL_FAST_MATH = YES;
				ONLY_ACTIVE_ARCH = YES;
				SDKROOT = iphoneos;
				SWIFT_ACTIVE_COMPILATION_CONDITIONS = "DEBUG $(inherited)";
				SWIFT_OPTIMIZATION_LEVEL = "-Onone";
			};
			name = Debug;
		};
		C001DF7A2E290189006F1FEA /* Release */ = {
			isa = XCBuildConfiguration;
			baseConfigurationReferenceAnchor = C001DF722E290188006F1FEA /* Auth_With_Supabase */;
			baseConfigurationReferenceRelativePath = Application/Dev.xcconfig;
			buildSettings = {
				ALWAYS_SEARCH_USER_PATHS = NO;
				ASSETCATALOG_COMPILER_GENERATE_SWIFT_ASSET_SYMBOL_EXTENSIONS = YES;
				CLANG_ANALYZER_NONNULL = YES;
				CLANG_ANALYZER_NUMBER_OBJECT_CONVERSION = YES_AGGRESSIVE;
				CLANG_CXX_LANGUAGE_STANDARD = "gnu++20";
				CLANG_ENABLE_MODULES = YES;
				CLANG_ENABLE_OBJC_ARC = YES;
				CLANG_ENABLE_OBJC_WEAK = YES;
				CLANG_WARN_BLOCK_CAPTURE_AUTORELEASING = YES;
				CLANG_WARN_BOOL_CONVERSION = YES;
				CLANG_WARN_COMMA = YES;
				CLANG_WARN_CONSTANT_CONVERSION = YES;
				CLANG_WARN_DEPRECATED_OBJC_IMPLEMENTATIONS = YES;
				CLANG_WARN_DIRECT_OBJC_ISA_USAGE = YES_ERROR;
				CLANG_WARN_DOCUMENTATION_COMMENTS = YES;
				CLANG_WARN_EMPTY_BODY = YES;
				CLANG_WARN_ENUM_CONVERSION = YES;
				CLANG_WARN_INFINITE_RECURSION = YES;
				CLANG_WARN_INT_CONVERSION = YES;
				CLANG_WARN_NON_LITERAL_NULL_CONVERSION = YES;
				CLANG_WARN_OBJC_IMPLICIT_RETAIN_SELF = YES;
				CLANG_WARN_OBJC_LITERAL_CONVERSION = YES;
				CLANG_WARN_OBJC_ROOT_CLASS = YES_ERROR;
				CLANG_WARN_QUOTED_INCLUDE_IN_FRAMEWORK_HEADER = YES;
				CLANG_WARN_RANGE_LOOP_ANALYSIS = YES;
				CLANG_WARN_STRICT_PROTOTYPES = YES;
				CLANG_WARN_SUSPICIOUS_MOVE = YES;
				CLANG_WARN_UNGUARDED_AVAILABILITY = YES_AGGRESSIVE;
				CLANG_WARN_UNREACHABLE_CODE = YES;
				CLANG_WARN__DUPLICATE_METHOD_MATCH = YES;
				COPY_PHASE_STRIP = NO;
				DEBUG_INFORMATION_FORMAT = "dwarf-with-dsym";
				DEVELOPMENT_TEAM = 6499BW5722;
				ENABLE_NS_ASSERTIONS = NO;
				ENABLE_STRICT_OBJC_MSGSEND = YES;
				ENABLE_USER_SCRIPT_SANDBOXING = YES;
				GCC_C_LANGUAGE_STANDARD = gnu17;
				GCC_NO_COMMON_BLOCKS = YES;
				GCC_WARN_64_TO_32_BIT_CONVERSION = YES;
				GCC_WARN_ABOUT_RETURN_TYPE = YES_ERROR;
				GCC_WARN_UNDECLARED_SELECTOR = YES;
				GCC_WARN_UNINITIALIZED_AUTOS = YES_AGGRESSIVE;
				GCC_WARN_UNUSED_FUNCTION = YES;
				GCC_WARN_UNUSED_VARIABLE = YES;
				IPHONEOS_DEPLOYMENT_TARGET = 18.5;
				LOCALIZATION_PREFERS_STRING_CATALOGS = YES;
				MTL_ENABLE_DEBUG_INFO = NO;
				MTL_FAST_MATH = YES;
				SDKROOT = iphoneos;
				SWIFT_COMPILATION_MODE = wholemodule;
				VALIDATE_PRODUCT = YES;
			};
			name = Release;
		};
		C001DF7C2E290189006F1FEA /* Debug */ = {
			isa = XCBuildConfiguration;
			baseConfigurationReferenceAnchor = C001DF722E290188006F1FEA /* Auth_With_Supabase */;
			baseConfigurationReferenceRelativePath = Application/Dev.xcconfig;
			buildSettings = {
				ASSETCATALOG_COMPILER_APPICON_NAME = AppIcon;
				ASSETCATALOG_COMPILER_GLOBAL_ACCENT_COLOR_NAME = AccentColor;
				CODE_SIGN_STYLE = Automatic;
				CURRENT_PROJECT_VERSION = 1;
				DEVELOPMENT_TEAM = 6499BW5722;
				ENABLE_PREVIEWS = YES;
				GENERATE_INFOPLIST_FILE = YES;
				INFOPLIST_FILE = "Auth_With_Supabase/Application/Auth-With-Supabase-Info.plist";
				INFOPLIST_KEY_UIApplicationSceneManifest_Generation = YES;
				INFOPLIST_KEY_UIApplicationSupportsIndirectInputEvents = YES;
				INFOPLIST_KEY_UILaunchScreen_Generation = YES;
				INFOPLIST_KEY_UISupportedInterfaceOrientations_iPad = "UIInterfaceOrientationPortrait UIInterfaceOrientationPortraitUpsideDown UIInterfaceOrientationLandscapeLeft UIInterfaceOrientationLandscapeRight";
				INFOPLIST_KEY_UISupportedInterfaceOrientations_iPhone = "UIInterfaceOrientationPortrait UIInterfaceOrientationLandscapeLeft UIInterfaceOrientationLandscapeRight";
				LD_RUNPATH_SEARCH_PATHS = (
					"$(inherited)",
					"@executable_path/Frameworks",
				);
				MARKETING_VERSION = 1.0;
				PRODUCT_BUNDLE_IDENTIFIER = "graceToa.Auth-With-Supabase";
				PRODUCT_NAME = "$(TARGET_NAME)";
				SUPABASE_URL = "https://fwzsqtnzjsrajojncweb.supabase.co\n";
				"SUPABASE_URL[arch=*]" = "https:";
				SWIFT_EMIT_LOC_STRINGS = YES;
				SWIFT_VERSION = 5.0;
				TARGETED_DEVICE_FAMILY = "1,2";
			};
			name = Debug;
		};
		C001DF7D2E290189006F1FEA /* Release */ = {
			isa = XCBuildConfiguration;
			baseConfigurationReferenceAnchor = C001DF722E290188006F1FEA /* Auth_With_Supabase */;
			baseConfigurationReferenceRelativePath = Application/Dev.xcconfig;
			buildSettings = {
				ASSETCATALOG_COMPILER_APPICON_NAME = AppIcon;
				ASSETCATALOG_COMPILER_GLOBAL_ACCENT_COLOR_NAME = AccentColor;
				CODE_SIGN_STYLE = Automatic;
				CURRENT_PROJECT_VERSION = 1;
				DEVELOPMENT_TEAM = 6499BW5722;
				ENABLE_PREVIEWS = YES;
				GENERATE_INFOPLIST_FILE = YES;
				INFOPLIST_FILE = "Auth_With_Supabase/Application/Auth-With-Supabase-Info.plist";
				INFOPLIST_KEY_UIApplicationSceneManifest_Generation = YES;
				INFOPLIST_KEY_UIApplicationSupportsIndirectInputEvents = YES;
				INFOPLIST_KEY_UILaunchScreen_Generation = YES;
				INFOPLIST_KEY_UISupportedInterfaceOrientations_iPad = "UIInterfaceOrientationPortrait UIInterfaceOrientationPortraitUpsideDown UIInterfaceOrientationLandscapeLeft UIInterfaceOrientationLandscapeRight";
				INFOPLIST_KEY_UISupportedInterfaceOrientations_iPhone = "UIInterfaceOrientationPortrait UIInterfaceOrientationLandscapeLeft UIInterfaceOrientationLandscapeRight";
				LD_RUNPATH_SEARCH_PATHS = (
					"$(inherited)",
					"@executable_path/Frameworks",
				);
				MARKETING_VERSION = 1.0;
				PRODUCT_BUNDLE_IDENTIFIER = "graceToa.Auth-With-Supabase";
				PRODUCT_NAME = "$(TARGET_NAME)";
				SUPABASE_URL = "https://fwzsqtnzjsrajojncweb.supabase.co\n";
				SWIFT_EMIT_LOC_STRINGS = YES;
				SWIFT_VERSION = 5.0;
				TARGETED_DEVICE_FAMILY = "1,2";
			};
			name = Release;
		};
		C05CCD0D2E3B8F4C007280C2 /* Debug */ = {
			isa = XCBuildConfiguration;
			buildSettings = {
				BUNDLE_LOADER = "$(TEST_HOST)";
				CODE_SIGN_STYLE = Automatic;
				CURRENT_PROJECT_VERSION = 1;
				DEVELOPMENT_TEAM = 6499BW5722;
				GENERATE_INFOPLIST_FILE = YES;
				MARKETING_VERSION = 1.0;
				PRODUCT_BUNDLE_IDENTIFIER = "graceToa.Auth-With-SupabaseTests";
				PRODUCT_NAME = "$(TARGET_NAME)";
				SWIFT_EMIT_LOC_STRINGS = NO;
				SWIFT_VERSION = 5.0;
				TARGETED_DEVICE_FAMILY = "1,2";
				TEST_HOST = "$(BUILT_PRODUCTS_DIR)/Auth_With_Supabase.app/$(BUNDLE_EXECUTABLE_FOLDER_PATH)/Auth_With_Supabase";
			};
			name = Debug;
		};
		C05CCD0E2E3B8F4C007280C2 /* Release */ = {
			isa = XCBuildConfiguration;
			buildSettings = {
				BUNDLE_LOADER = "$(TEST_HOST)";
				CODE_SIGN_STYLE = Automatic;
				CURRENT_PROJECT_VERSION = 1;
				DEVELOPMENT_TEAM = 6499BW5722;
				GENERATE_INFOPLIST_FILE = YES;
				MARKETING_VERSION = 1.0;
				PRODUCT_BUNDLE_IDENTIFIER = "graceToa.Auth-With-SupabaseTests";
				PRODUCT_NAME = "$(TARGET_NAME)";
				SWIFT_EMIT_LOC_STRINGS = NO;
				SWIFT_VERSION = 5.0;
				TARGETED_DEVICE_FAMILY = "1,2";
				TEST_HOST = "$(BUILT_PRODUCTS_DIR)/Auth_With_Supabase.app/$(BUNDLE_EXECUTABLE_FOLDER_PATH)/Auth_With_Supabase";
			};
			name = Release;
		};
/* End XCBuildConfiguration section */

/* Begin XCConfigurationList section */
		C001DF6B2E290188006F1FEA /* Build configuration list for PBXProject "Auth_With_Supabase" */ = {
			isa = XCConfigurationList;
			buildConfigurations = (
				C001DF792E290189006F1FEA /* Debug */,
				C001DF7A2E290189006F1FEA /* Release */,
			);
			defaultConfigurationIsVisible = 0;
			defaultConfigurationName = Release;
		};
		C001DF7B2E290189006F1FEA /* Build configuration list for PBXNativeTarget "Auth_With_Supabase" */ = {
			isa = XCConfigurationList;
			buildConfigurations = (
				C001DF7C2E290189006F1FEA /* Debug */,
				C001DF7D2E290189006F1FEA /* Release */,
			);
			defaultConfigurationIsVisible = 0;
			defaultConfigurationName = Release;
		};
		C05CCD0F2E3B8F4C007280C2 /* Build configuration list for PBXNativeTarget "Auth_With_SupabaseTests" */ = {
			isa = XCConfigurationList;
			buildConfigurations = (
				C05CCD0D2E3B8F4C007280C2 /* Debug */,
				C05CCD0E2E3B8F4C007280C2 /* Release */,
			);
			defaultConfigurationIsVisible = 0;
			defaultConfigurationName = Release;
		};
/* End XCConfigurationList section */

/* Begin XCRemoteSwiftPackageReference section */
		C0A18FF92E2A44D6003813BD /* XCRemoteSwiftPackageReference "supabase-swift" */ = {
			isa = XCRemoteSwiftPackageReference;
			repositoryURL = "https://github.com/supabase-community/supabase-swift";
			requirement = {
				kind = upToNextMajorVersion;
				minimumVersion = 2.5.1;
			};
		};
/* End XCRemoteSwiftPackageReference section */

/* Begin XCSwiftPackageProductDependency section */
		C004B06F2E2A4ACA0045EFCA /* Supabase */ = {
			isa = XCSwiftPackageProductDependency;
			package = C0A18FF92E2A44D6003813BD /* XCRemoteSwiftPackageReference "supabase-swift" */;
			productName = Supabase;
		};
/* End XCSwiftPackageProductDependency section */
	};
	rootObject = C001DF682E290188006F1FEA /* Project object */;
}
